<?xml version="1.0" encoding="utf-8"?>
<Project ToolsVersion="18.0" xmlns="http://schemas.microsoft.com/developer/msbuild/2003">
  <ItemGroup>
    <CustomBuild Include="E:\Git\AirHUST_Vision_Tutorial\lab1_1\CMakeFiles\79da3316ffa166f62dd5eb4a03e49f89\generate.stamp.rule">
      <Filter>CMake Rules</Filter>
    </CustomBuild>
  </ItemGroup>
  <ItemGroup>
    <Filter Include="CMake Rules">
      <UniqueIdentifier>{2AFA3400-68CC-39CE-B587-8FFA702AF54D}</UniqueIdentifier>
    </Filter>
  </ItemGroup>
</Project>
